PODS:
  - alert (0.0.1):
    - Flutter
  - Flutter (1.0.0)
  - FMDB (2.7.5):
    - FMDB/standard (= 2.7.5)
  - FMDB/standard (2.7.5)
  - native_progress_hud (0.0.1):
    - Flutter
  - path_provider (0.0.1):
    - Flutter
  - screen_brightness (0.0.1):
    - Flutter
  - sqflite (0.0.2):
    - Flutter
    - FMDB (>= 2.7.5)

DEPENDENCIES:
  - alert (from `.symlinks/plugins/alert/ios`)
  - Flutter (from `Flutter`)
  - native_progress_hud (from `.symlinks/plugins/native_progress_hud/ios`)
  - path_provider (from `.symlinks/plugins/path_provider/ios`)
  - screen_brightness (from `.symlinks/plugins/screen_brightness/ios`)
  - sqflite (from `.symlinks/plugins/sqflite/ios`)

SPEC REPOS:
  trunk:
    - FMDB

EXTERNAL SOURCES:
  alert:
    :path: ".symlinks/plugins/alert/ios"
  Flutter:
    :path: Flutter
  native_progress_hud:
    :path: ".symlinks/plugins/native_progress_hud/ios"
  path_provider:
    :path: ".symlinks/plugins/path_provider/ios"
  screen_brightness:
    :path: ".symlinks/plugins/screen_brightness/ios"
  sqflite:
    :path: ".symlinks/plugins/sqflite/ios"

SPEC CHECKSUMS:
  alert: fa3137f80aa8ff29c8efbee8df29648605f622f7
  Flutter: 434fef37c0980e73bb6479ef766c45957d4b510c
  FMDB: 2ce00b547f966261cd18927a3ddb07cb6f3db82a
  native_progress_hud: f95f5529742b36a3c7fdecfa88dc018319e39bf9
  path_provider: abfe2b5c733d04e238b0d8691db0cfd63a27a93c
  screen_brightness: 994a74a8a983e319ff8a8e1e2380b1d7be899098
  sqflite: 6d358c025f5b867b29ed92fc697fd34924e11904

PODFILE CHECKSUM: aafe91acc616949ddb318b77800a7f51bffa2a4c

COCOAPODS: 1.10.1
